
Microsoft Visual Studio Solution File, Format Version 12.00
# Visual Studio 15
VisualStudioVersion = 15.0.28307.106
MinimumVisualStudioVersion = 10.0.40219.1
Project("{FAE04EC0-301F-11D3-BF4B-00C04F79EFBC}") = "UploadToSP", "UploadToSP\UploadToSP.csproj", "{14A52F3D-1DFE-498E-9280-237B420BDF58}"
EndProject
Project("{FAE04EC0-301F-11D3-BF4B-00C04F79EFBC}") = "DataMigrate", "DataMigrate\DataMigrate.csproj", "{4F631C35-B0A6-4696-9BCD-8DF23121206D}"
EndProject
Global
	GlobalSection(SolutionConfigurationPlatforms) = preSolution
		Debug|Any CPU = Debug|Any CPU
		Release|Any CPU = Release|Any CPU
	EndGlobalSection
	GlobalSection(ProjectConfigurationPlatforms) = postSolution
		{14A52F3D-1DFE-498E-9280-237B420BDF58}.Debug|Any CPU.ActiveCfg = Debug|Any CPU
		{14A52F3D-1DFE-498E-9280-237B420BDF58}.Debug|Any CPU.Build.0 = Debug|Any CPU
		{14A52F3D-1DFE-498E-9280-237B420BDF58}.Release|Any CPU.ActiveCfg = Release|Any CPU
		{14A52F3D-1DFE-498E-9280-237B420BDF58}.Release|Any CPU.Build.0 = Release|Any CPU
		{4F631C35-B0A6-4696-9BCD-8DF23121206D}.Debug|Any CPU.ActiveCfg = Debug|Any CPU
		{4F631C35-B0A6-4696-9BCD-8DF23121206D}.Debug|Any CPU.Build.0 = Debug|Any CPU
		{4F631C35-B0A6-4696-9BCD-8DF23121206D}.Release|Any CPU.ActiveCfg = Release|Any CPU
		{4F631C35-B0A6-4696-9BCD-8DF23121206D}.Release|Any CPU.Build.0 = Release|Any CPU
	EndGlobalSection
	GlobalSection(SolutionProperties) = preSolution
		HideSolutionNode = FALSE
	EndGlobalSection
	GlobalSection(ExtensibilityGlobals) = postSolution
		SolutionGuid = {D093ACB9-E8DE-44CE-9CA9-84A46E25098B}
	EndGlobalSection
EndGlobal
